// !$*UTF8*$!
{
	archiveVersion = 1;
	classes = {
	};
	objectVersion = 50;
	objects = {

/* Begin PBXBuildFile section */
		551160822452088000994186 /* AppDelegate.swift in Sources */ = {isa = PBXBuildFile; fileRef = 551160812452088000994186 /* AppDelegate.swift */; };
		551160872452088000994186 /* Main.storyboard in Resources */ = {isa = PBXBuildFile; fileRef = 551160852452088000994186 /* Main.storyboard */; };
		551160892452088100994186 /* Assets.xcassets in Resources */ = {isa = PBXBuildFile; fileRef = 551160882452088100994186 /* Assets.xcassets */; };
		5511608C2452088100994186 /* LaunchScreen.storyboard in Resources */ = {isa = PBXBuildFile; fileRef = 5511608A2452088100994186 /* LaunchScreen.storyboard */; };
		551160972452088200994186 /* MyMemoAppTests.swift in Sources */ = {isa = PBXBuildFile; fileRef = 551160962452088200994186 /* MyMemoAppTests.swift */; };
		551160A22452088200994186 /* MyMemoAppUITests.swift in Sources */ = {isa = PBXBuildFile; fileRef = 551160A12452088200994186 /* MyMemoAppUITests.swift */; };
		551160B02452092A00994186 /* MemoTableViewController.swift in Sources */ = {isa = PBXBuildFile; fileRef = 551160AF2452092A00994186 /* MemoTableViewController.swift */; };
		551160B22452108600994186 /* MemoViewController.swift in Sources */ = {isa = PBXBuildFile; fileRef = 551160B12452108600994186 /* MemoViewController.swift */; };
/* End PBXBuildFile section */

/* Begin PBXContainerItemProxy section */
		551160932452088200994186 /* PBXContainerItemProxy */ = {
			isa = PBXContainerItemProxy;
			containerPortal = 551160762452087F00994186 /* Project object */;
			proxyType = 1;
			remoteGlobalIDString = 5511607D2452088000994186;
			remoteInfo = MyMemoApp;
		};
		5511609E2452088200994186 /* PBXContainerItemProxy */ = {
			isa = PBXContainerItemProxy;
			containerPortal = 551160762452087F00994186 /* Project object */;
			proxyType = 1;
			remoteGlobalIDString = 5511607D2452088000994186;
			remoteInfo = MyMemoApp;
		};
/* End PBXContainerItemProxy section */

/* Begin PBXFileReference section */
		5511607E2452088000994186 /* MyMemoApp.app */ = {isa = PBXFileReference; explicitFileType = wrapper.application; includeInIndex = 0; path = MyMemoApp.app; sourceTree = BUILT_PRODUCTS_DIR; };
		551160812452088000994186 /* AppDelegate.swift */ = {isa = PBXFileReference; lastKnownFileType = sourcecode.swift; path = AppDelegate.swift; sourceTree = "<group>"; };
		551160862452088000994186 /* Base */ = {isa = PBXFileReference; lastKnownFileType = file.storyboard; name = Base; path = Base.lproj/Main.storyboard; sourceTree = "<group>"; };
		551160882452088100994186 /* Assets.xcassets */ = {isa = PBXFileReference; lastKnownFileType = folder.assetcatalog; path = Assets.xcassets; sourceTree = "<group>"; };
		5511608B2452088100994186 /* Base */ = {isa = PBXFileReference; lastKnownFileType = file.storyboard; name = Base; path = Base.lproj/LaunchScreen.storyboard; sourceTree = "<group>"; };
		5511608D2452088100994186 /* Info.plist */ = {isa = PBXFileReference; lastKnownFileType = text.plist.xml; path = Info.plist; sourceTree = "<group>"; };
		551160922452088200994186 /* MyMemoAppTests.xctest */ = {isa = PBXFileReference; explicitFileType = wrapper.cfbundle; includeInIndex = 0; path = MyMemoAppTests.xctest; sourceTree = BUILT_PRODUCTS_DIR; };
		551160962452088200994186 /* MyMemoAppTests.swift */ = {isa = PBXFileReference; lastKnownFileType = sourcecode.swift; path = MyMemoAppTests.swift; sourceTree = "<group>"; };
		551160982452088200994186 /* Info.plist */ = {isa = PBXFileReference; lastKnownFileType = text.plist.xml; path = Info.plist; sourceTree = "<group>"; };
		5511609D2452088200994186 /* MyMemoAppUITests.xctest */ = {isa = PBXFileReference; explicitFileType = wrapper.cfbundle; includeInIndex = 0; path = MyMemoAppUITests.xctest; sourceTree = BUILT_PRODUCTS_DIR; };
		551160A12452088200994186 /* MyMemoAppUITests.swift */ = {isa = PBXFileReference; lastKnownFileType = sourcecode.swift; path = MyMemoAppUITests.swift; sourceTree = "<group>"; };
		551160A32452088200994186 /* Info.plist */ = {isa = PBXFileReference; lastKnownFileType = text.plist.xml; path = Info.plist; sourceTree = "<group>"; };
		551160AF2452092A00994186 /* MemoTableViewController.swift */ = {isa = PBXFileReference; lastKnownFileType = sourcecode.swift; path = MemoTableViewController.swift; sourceTree = "<group>"; };
		551160B12452108600994186 /* MemoViewController.swift */ = {isa = PBXFileReference; lastKnownFileType = sourcecode.swift; path = MemoViewController.swift; sourceTree = "<group>"; };
/* End PBXFileReference section */

/* Begin PBXFrameworksBuildPhase section */
		5511607B2452088000994186 /* Frameworks */ = {
			isa = PBXFrameworksBuildPhase;
			buildActionMask = 2147483647;
			files = (
			);
			runOnlyForDeploymentPostprocessing = 0;
		};
		5511608F2452088200994186 /* Frameworks */ = {
			isa = PBXFrameworksBuildPhase;
			buildActionMask = 2147483647;
			files = (
			);
			runOnlyForDeploymentPostprocessing = 0;
		};
		5511609A2452088200994186 /* Frameworks */ = {
			isa = PBXFrameworksBuildPhase;
			buildActionMask = 2147483647;
			files = (
			);
			runOnlyForDeploymentPostprocessing = 0;
		};
/* End PBXFrameworksBuildPhase section */

/* Begin PBXGroup section */
		551160752452087F00994186 = {
			isa = PBXGroup;
			children = (
				551160802452088000994186 /* MyMemoApp */,
				551160952452088200994186 /* MyMemoAppTests */,
				551160A02452088200994186 /* MyMemoAppUITests */,
				5511607F2452088000994186 /* Products */,
			);
			sourceTree = "<group>";
		};
		5511607F2452088000994186 /* Products */ = {
			isa = PBXGroup;
			children = (
				5511607E2452088000994186 /* MyMemoApp.app */,
				551160922452088200994186 /* MyMemoAppTests.xctest */,
				5511609D2452088200994186 /* MyMemoAppUITests.xctest */,
			);
			name = Products;
			sourceTree = "<group>";
		};
		551160802452088000994186 /* MyMemoApp */ = {
			isa = PBXGroup;
			children = (
				551160812452088000994186 /* AppDelegate.swift */,
				551160B12452108600994186 /* MemoViewController.swift */,
				551160852452088000994186 /* Main.storyboard */,
				551160AF2452092A00994186 /* MemoTableViewController.swift */,
				551160882452088100994186 /* Assets.xcassets */,
				5511608A2452088100994186 /* LaunchScreen.storyboard */,
				5511608D2452088100994186 /* Info.plist */,
			);
			path = MyMemoApp;
			sourceTree = "<group>";
		};
		551160952452088200994186 /* MyMemoAppTests */ = {
			isa = PBXGroup;
			children = (
				551160962452088200994186 /* MyMemoAppTests.swift */,
				551160982452088200994186 /* Info.plist */,
			);
			path = MyMemoAppTests;
			sourceTree = "<group>";
		};
		551160A02452088200994186 /* MyMemoAppUITests */ = {
			isa = PBXGroup;
			children = (
				551160A12452088200994186 /* MyMemoAppUITests.swift */,
				551160A32452088200994186 /* Info.plist */,
			);
			path = MyMemoAppUITests;
			sourceTree = "<group>";
		};
/* End PBXGroup section */

/* Begin PBXNativeTarget section */
		5511607D2452088000994186 /* MyMemoApp */ = {
			isa = PBXNativeTarget;
			buildConfigurationList = 551160A62452088200994186 /* Build configuration list for PBXNativeTarget "MyMemoApp" */;
			buildPhases = (
				5511607A2452088000994186 /* Sources */,
				5511607B2452088000994186 /* Frameworks */,
				5511607C2452088000994186 /* Resources */,
			);
			buildRules = (
			);
			dependencies = (
			);
			name = MyMemoApp;
			productName = MyMemoApp;
			productReference = 5511607E2452088000994186 /* MyMemoApp.app */;
			productType = "com.apple.product-type.application";
		};
		551160912452088200994186 /* MyMemoAppTests */ = {
			isa = PBXNativeTarget;
			buildConfigurationList = 551160A92452088200994186 /* Build configuration list for PBXNativeTarget "MyMemoAppTests" */;
			buildPhases = (
				5511608E2452088200994186 /* Sources */,
				5511608F2452088200994186 /* Frameworks */,
				551160902452088200994186 /* Resources */,
			);
			buildRules = (
			);
			dependencies = (
				551160942452088200994186 /* PBXTargetDependency */,
			);
			name = MyMemoAppTests;
			productName = MyMemoAppTests;
			productReference = 551160922452088200994186 /* MyMemoAppTests.xctest */;
			productType = "com.apple.product-type.bundle.unit-test";
		};
		5511609C2452088200994186 /* MyMemoAppUITests */ = {
			isa = PBXNativeTarget;
			buildConfigurationList = 551160AC2452088200994186 /* Build configuration list for PBXNativeTarget "MyMemoAppUITests" */;
			buildPhases = (
				551160992452088200994186 /* Sources */,
				5511609A2452088200994186 /* Frameworks */,
				5511609B2452088200994186 /* Resources */,
			);
			buildRules = (
			);
			dependencies = (
				5511609F2452088200994186 /* PBXTargetDependency */,
			);
			name = MyMemoAppUITests;
			productName = MyMemoAppUITests;
			productReference = 5511609D2452088200994186 /* MyMemoAppUITests.xctest */;
			productType = "com.apple.product-type.bundle.ui-testing";
		};
/* End PBXNativeTarget section */

/* Begin PBXProject section */
		551160762452087F00994186 /* Project object */ = {
			isa = PBXProject;
			attributes = {
				LastSwiftUpdateCheck = 1010;
				LastUpgradeCheck = 1010;
				ORGANIZATIONNAME = "山本 沙季";
				TargetAttributes = {
					5511607D2452088000994186 = {
						CreatedOnToolsVersion = 10.1;
					};
					551160912452088200994186 = {
						CreatedOnToolsVersion = 10.1;
						TestTargetID = 5511607D2452088000994186;
					};
					5511609C2452088200994186 = {
						CreatedOnToolsVersion = 10.1;
						TestTargetID = 5511607D2452088000994186;
					};
				};
			};
			buildConfigurationList = 551160792452087F00994186 /* Build configuration list for PBXProject "MyMemoApp" */;
			compatibilityVersion = "Xcode 9.3";
			developmentRegion = en;
			hasScannedForEncodings = 0;
			knownRegions = (
				en,
				Base,
			);
			mainGroup = 551160752452087F00994186;
			productRefGroup = 5511607F2452088000994186 /* Products */;
			projectDirPath = "";
			projectRoot = "";
			targets = (
				5511607D2452088000994186 /* MyMemoApp */,
				551160912452088200994186 /* MyMemoAppTests */,
				5511609C2452088200994186 /* MyMemoAppUITests */,
			);
		};
/* End PBXProject section */

/* Begin PBXResourcesBuildPhase section */
		5511607C2452088000994186 /* Resources */ = {
			isa = PBXResourcesBuildPhase;
			buildActionMask = 2147483647;
			files = (
				5511608C2452088100994186 /* LaunchScreen.storyboard in Resources */,
				551160892452088100994186 /* Assets.xcassets in Resources */,
				551160872452088000994186 /* Main.storyboard in Resources */,
			);
			runOnlyForDeploymentPostprocessing = 0;
		};
		551160902452088200994186 /* Resources */ = {
			isa = PBXResourcesBuildPhase;
			buildActionMask = 2147483647;
			files = (
			);
			runOnlyForDeploymentPostprocessing = 0;
		};
		5511609B2452088200994186 /* Resources */ = {
			isa = PBXResourcesBuildPhase;
			buildActionMask = 2147483647;
			files = (
			);
			runOnlyForDeploymentPostprocessing = 0;
		};
/* End PBXResourcesBuildPhase section */

/* Begin PBXSourcesBuildPhase section */
		5511607A2452088000994186 /* Sources */ = {
			isa = PBXSourcesBuildPhase;
			buildActionMask = 2147483647;
			files = (
				551160822452088000994186 /* AppDelegate.swift in Sources */,
				551160B02452092A00994186 /* MemoTableViewController.swift in Sources */,
				551160B22452108600994186 /* MemoViewController.swift in Sources */,
			);
			runOnlyForDeploymentPostprocessing = 0;
		};
		5511608E2452088200994186 /* Sources */ = {
			isa = PBXSourcesBuildPhase;
			buildActionMask = 2147483647;
			files = (
				551160972452088200994186 /* MyMemoAppTests.swift in Sources */,
			);
			runOnlyForDeploymentPostprocessing = 0;
		};
		551160992452088200994186 /* Sources */ = {
			isa = PBXSourcesBuildPhase;
			buildActionMask = 2147483647;
			files = (
				551160A22452088200994186 /* MyMemoAppUITests.swift in Sources */,
			);
			runOnlyForDeploymentPostprocessing = 0;
		};
/* End PBXSourcesBuildPhase section */

/* Begin PBXTargetDependency section */
		551160942452088200994186 /* PBXTargetDependency */ = {
			isa = PBXTargetDependency;
			target = 5511607D2452088000994186 /* MyMemoApp */;
			targetProxy = 551160932452088200994186 /* PBXContainerItemProxy */;
		};
		5511609F2452088200994186 /* PBXTargetDependency */ = {
			isa = PBXTargetDependency;
			target = 5511607D2452088000994186 /* MyMemoApp */;
			targetProxy = 5511609E2452088200994186 /* PBXContainerItemProxy */;
		};
/* End PBXTargetDependency section */

/* Begin PBXVariantGroup section */
		551160852452088000994186 /* Main.storyboard */ = {
			isa = PBXVariantGroup;
			children = (
				551160862452088000994186 /* Base */,
			);
			name = Main.storyboard;
			sourceTree = "<group>";
		};
		5511608A2452088100994186 /* LaunchScreen.storyboard */ = {
			isa = PBXVariantGroup;
			children = (
				5511608B2452088100994186 /* Base */,
			);
			name = LaunchScreen.storyboard;
			sourceTree = "<group>";
		};
/* End PBXVariantGroup section */

/* Begin XCBuildConfiguration section */
		551160A42452088200994186 /* Debug */ = {
			isa = XCBuildConfiguration;
			buildSettings = {
				ALWAYS_SEARCH_USER_PATHS = NO;
				CLANG_ANALYZER_NONNULL = YES;
				CLANG_ANALYZER_NUMBER_OBJECT_CONVERSION = YES_AGGRESSIVE;
				CLANG_CXX_LANGUAGE_STANDARD = "gnu++14";
				CLANG_CXX_LIBRARY = "libc++";
				CLANG_ENABLE_MODULES = YES;
				CLANG_ENABLE_OBJC_ARC = YES;
				CLANG_ENABLE_OBJC_WEAK = YES;
				CLANG_WARN_BLOCK_CAPTURE_AUTORELEASING = YES;
				CLANG_WARN_BOOL_CONVERSION = YES;
				CLANG_WARN_COMMA = YES;
				CLANG_WARN_CONSTANT_CONVERSION = YES;
				CLANG_WARN_DEPRECATED_OBJC_IMPLEMENTATIONS = YES;
				CLANG_WARN_DIRECT_OBJC_ISA_USAGE = YES_ERROR;
				CLANG_WARN_DOCUMENTATION_COMMENTS = YES;
				CLANG_WARN_EMPTY_BODY = YES;
				CLANG_WARN_ENUM_CONVERSION = YES;
				CLANG_WARN_INFINITE_RECURSION = YES;
				CLANG_WARN_INT_CONVERSION = YES;
				CLANG_WARN_NON_LITERAL_NULL_CONVERSION = YES;
				CLANG_WARN_OBJC_IMPLICIT_RETAIN_SELF = YES;
				CLANG_WARN_OBJC_LITERAL_CONVERSION = YES;
				CLANG_WARN_OBJC_ROOT_CLASS = YES_ERROR;
				CLANG_WARN_RANGE_LOOP_ANALYSIS = YES;
				CLANG_WARN_STRICT_PROTOTYPES = YES;
				CLANG_WARN_SUSPICIOUS_MOVE = YES;
				CLANG_WARN_UNGUARDED_AVAILABILITY = YES_AGGRESSIVE;
				CLANG_WARN_UNREACHABLE_CODE = YES;
				CLANG_WARN__DUPLICATE_METHOD_MATCH = YES;
				CODE_SIGN_IDENTITY = "iPhone Developer";
				COPY_PHASE_STRIP = NO;
				DEBUG_INFORMATION_FORMAT = dwarf;
				ENABLE_STRICT_OBJC_MSGSEND = YES;
				ENABLE_TESTABILITY = YES;
				GCC_C_LANGUAGE_STANDARD = gnu11;
				GCC_DYNAMIC_NO_PIC = NO;
				GCC_NO_COMMON_BLOCKS = YES;
				GCC_OPTIMIZATION_LEVEL = 0;
				GCC_PREPROCESSOR_DEFINITIONS = (
					"DEBUG=1",
					"$(inherited)",
				);
				GCC_WARN_64_TO_32_BIT_CONVERSION = YES;
				GCC_WARN_ABOUT_RETURN_TYPE = YES_ERROR;
				GCC_WARN_UNDECLARED_SELECTOR = YES;
				GCC_WARN_UNINITIALIZED_AUTOS = YES_AGGRESSIVE;
				GCC_WARN_UNUSED_FUNCTION = YES;
				GCC_WARN_UNUSED_VARIABLE = YES;
				IPHONEOS_DEPLOYMENT_TARGET = 12.1;
				MTL_ENABLE_DEBUG_INFO = INCLUDE_SOURCE;
				MTL_FAST_MATH = YES;
				ONLY_ACTIVE_ARCH = YES;
				SDKROOT = iphoneos;
				SWIFT_ACTIVE_COMPILATION_CONDITIONS = DEBUG;
				SWIFT_OPTIMIZATION_LEVEL = "-Onone";
			};
			name = Debug;
		};
		551160A52452088200994186 /* Release */ = {
			isa = XCBuildConfiguration;
			buildSettings = {
				ALWAYS_SEARCH_USER_PATHS = NO;
				CLANG_ANALYZER_NONNULL = YES;
				CLANG_ANALYZER_NUMBER_OBJECT_CONVERSION = YES_AGGRESSIVE;
				CLANG_CXX_LANGUAGE_STANDARD = "gnu++14";
				CLANG_CXX_LIBRARY = "libc++";
				CLANG_ENABLE_MODULES = YES;
				CLANG_ENABLE_OBJC_ARC = YES;
				CLANG_ENABLE_OBJC_WEAK = YES;
				CLANG_WARN_BLOCK_CAPTURE_AUTORELEASING = YES;
				CLANG_WARN_BOOL_CONVERSION = YES;
				CLANG_WARN_COMMA = YES;
				CLANG_WARN_CONSTANT_CONVERSION = YES;
				CLANG_WARN_DEPRECATED_OBJC_IMPLEMENTATIONS = YES;
				CLANG_WARN_DIRECT_OBJC_ISA_USAGE = YES_ERROR;
				CLANG_WARN_DOCUMENTATION_COMMENTS = YES;
				CLANG_WARN_EMPTY_BODY = YES;
				CLANG_WARN_ENUM_CONVERSION = YES;
				CLANG_WARN_INFINITE_RECURSION = YES;
				CLANG_WARN_INT_CONVERSION = YES;
				CLANG_WARN_NON_LITERAL_NULL_CONVERSION = YES;
				CLANG_WARN_OBJC_IMPLICIT_RETAIN_SELF = YES;
				CLANG_WARN_OBJC_LITERAL_CONVERSION = YES;
				CLANG_WARN_OBJC_ROOT_CLASS = YES_ERROR;
				CLANG_WARN_RANGE_LOOP_ANALYSIS = YES;
				CLANG_WARN_STRICT_PROTOTYPES = YES;
				CLANG_WARN_SUSPICIOUS_MOVE = YES;
				CLANG_WARN_UNGUARDED_AVAILABILITY = YES_AGGRESSIVE;
				CLANG_WARN_UNREACHABLE_CODE = YES;
				CLANG_WARN__DUPLICATE_METHOD_MATCH = YES;
				CODE_SIGN_IDENTITY = "iPhone Developer";
				COPY_PHASE_STRIP = NO;
				DEBUG_INFORMATION_FORMAT = "dwarf-with-dsym";
				ENABLE_NS_ASSERTIONS = NO;
				ENABLE_STRICT_OBJC_MSGSEND = YES;
				GCC_C_LANGUAGE_STANDARD = gnu11;
				GCC_NO_COMMON_BLOCKS = YES;
				GCC_WARN_64_TO_32_BIT_CONVERSION = YES;
				GCC_WARN_ABOUT_RETURN_TYPE = YES_ERROR;
				GCC_WARN_UNDECLARED_SELECTOR = YES;
				GCC_WARN_UNINITIALIZED_AUTOS = YES_AGGRESSIVE;
				GCC_WARN_UNUSED_FUNCTION = YES;
				GCC_WARN_UNUSED_VARIABLE = YES;
				IPHONEOS_DEPLOYMENT_TARGET = 12.1;
				MTL_ENABLE_DEBUG_INFO = NO;
				MTL_FAST_MATH = YES;
				SDKROOT = iphoneos;
				SWIFT_COMPILATION_MODE = wholemodule;
				SWIFT_OPTIMIZATION_LEVEL = "-O";
				VALIDATE_PRODUCT = YES;
			};
			name = Release;
		};
		551160A72452088200994186 /* Debug */ = {
			isa = XCBuildConfiguration;
			buildSettings = {
				ASSETCATALOG_COMPILER_APPICON_NAME = AppIcon;
				CODE_SIGN_STYLE = Automatic;
				DEVELOPMENT_TEAM = 8ZBMG2U44F;
				INFOPLIST_FILE = MyMemoApp/Info.plist;
				LD_RUNPATH_SEARCH_PATHS = (
					"$(inherited)",
					"@executable_path/Frameworks",
				);
				PRODUCT_BUNDLE_IDENTIFIER = com.sssyam1111.MyMemoApp;
				PRODUCT_NAME = "$(TARGET_NAME)";
				SWIFT_VERSION = 4.2;
				TARGETED_DEVICE_FAMILY = "1,2";
			};
			name = Debug;
		};
		551160A82452088200994186 /* Release */ = {
			isa = XCBuildConfiguration;
			buildSettings = {
				ASSETCATALOG_COMPILER_APPICON_NAME = AppIcon;
				CODE_SIGN_STYLE = Automatic;
				DEVELOPMENT_TEAM = 8ZBMG2U44F;
				INFOPLIST_FILE = MyMemoApp/Info.plist;
				LD_RUNPATH_SEARCH_PATHS = (
					"$(inherited)",
					"@executable_path/Frameworks",
				);
				PRODUCT_BUNDLE_IDENTIFIER = com.sssyam1111.MyMemoApp;
				PRODUCT_NAME = "$(TARGET_NAME)";
				SWIFT_VERSION = 4.2;
				TARGETED_DEVICE_FAMILY = "1,2";
			};
			name = Release;
		};
		551160AA2452088200994186 /* Debug */ = {
			isa = XCBuildConfiguration;
			buildSettings = {
				ALWAYS_EMBED_SWIFT_STANDARD_LIBRARIES = YES;
				BUNDLE_LOADER = "$(TEST_HOST)";
				CODE_SIGN_STYLE = Automatic;
				DEVELOPMENT_TEAM = 8ZBMG2U44F;
				INFOPLIST_FILE = MyMemoAppTests/Info.plist;
				LD_RUNPATH_SEARCH_PATHS = (
					"$(inherited)",
					"@executable_path/Frameworks",
					"@loader_path/Frameworks",
				);
				PRODUCT_BUNDLE_IDENTIFIER = com.sssyam1111.MyMemoAppTests;
				PRODUCT_NAME = "$(TARGET_NAME)";
				SWIFT_VERSION = 4.2;
				TARGETED_DEVICE_FAMILY = "1,2";
				TEST_HOST = "$(BUILT_PRODUCTS_DIR)/MyMemoApp.app/MyMemoApp";
			};
			name = Debug;
		};
		551160AB2452088200994186 /* Release */ = {
			isa = XCBuildConfiguration;
			buildSettings = {
				ALWAYS_EMBED_SWIFT_STANDARD_LIBRARIES = YES;
				BUNDLE_LOADER = "$(TEST_HOST)";
				CODE_SIGN_STYLE = Automatic;
				DEVELOPMENT_TEAM = 8ZBMG2U44F;
				INFOPLIST_FILE = MyMemoAppTests/Info.plist;
				LD_RUNPATH_SEARCH_PATHS = (
					"$(inherited)",
					"@executable_path/Frameworks",
					"@loader_path/Frameworks",
				);
				PRODUCT_BUNDLE_IDENTIFIER = com.sssyam1111.MyMemoAppTests;
				PRODUCT_NAME = "$(TARGET_NAME)";
				SWIFT_VERSION = 4.2;
				TARGETED_DEVICE_FAMILY = "1,2";
				TEST_HOST = "$(BUILT_PRODUCTS_DIR)/MyMemoApp.app/MyMemoApp";
			};
			name = Release;
		};
		551160AD2452088200994186 /* Debug */ = {
			isa = XCBuildConfiguration;
			buildSettings = {
				ALWAYS_EMBED_SWIFT_STANDARD_LIBRARIES = YES;
				CODE_SIGN_STYLE = Automatic;
				DEVELOPMENT_TEAM = 8ZBMG2U44F;
				INFOPLIST_FILE = MyMemoAppUITests/Info.plist;
				LD_RUNPATH_SEARCH_PATHS = (
					"$(inherited)",
					"@executable_path/Frameworks",
					"@loader_path/Frameworks",
				);
				PRODUCT_BUNDLE_IDENTIFIER = com.sssyam1111.MyMemoAppUITests;
				PRODUCT_NAME = "$(TARGET_NAME)";
				SWIFT_VERSION = 4.2;
				TARGETED_DEVICE_FAMILY = "1,2";
				TEST_TARGET_NAME = MyMemoApp;
			};
			name = Debug;
		};
		551160AE2452088200994186 /* Release */ = {
			isa = XCBuildConfiguration;
			buildSettings = {
				ALWAYS_EMBED_SWIFT_STANDARD_LIBRARIES = YES;
				CODE_SIGN_STYLE = Automatic;
				DEVELOPMENT_TEAM = 8ZBMG2U44F;
				INFOPLIST_FILE = MyMemoAppUITests/Info.plist;
				LD_RUNPATH_SEARCH_PATHS = (
					"$(inherited)",
					"@executable_path/Frameworks",
					"@loader_path/Frameworks",
				);
				PRODUCT_BUNDLE_IDENTIFIER = com.sssyam1111.MyMemoAppUITests;
				PRODUCT_NAME = "$(TARGET_NAME)";
				SWIFT_VERSION = 4.2;
				TARGETED_DEVICE_FAMILY = "1,2";
				TEST_TARGET_NAME = MyMemoApp;
			};
			name = Release;
		};
/* End XCBuildConfiguration section */

/* Begin XCConfigurationList section */
		551160792452087F00994186 /* Build configuration list for PBXProject "MyMemoApp" */ = {
			isa = XCConfigurationList;
			buildConfigurations = (
				551160A42452088200994186 /* Debug */,
				551160A52452088200994186 /* Release */,
			);
			defaultConfigurationIsVisible = 0;
			defaultConfigurationName = Release;
		};
		551160A62452088200994186 /* Build configuration list for PBXNativeTarget "MyMemoApp" */ = {
			isa = XCConfigurationList;
			buildConfigurations = (
				551160A72452088200994186 /* Debug */,
				551160A82452088200994186 /* Release */,
			);
			defaultConfigurationIsVisible = 0;
			defaultConfigurationName = Release;
		};
		551160A92452088200994186 /* Build configuration list for PBXNativeTarget "MyMemoAppTests" */ = {
			isa = XCConfigurationList;
			buildConfigurations = (
				551160AA2452088200994186 /* Debug */,
				551160AB2452088200994186 /* Release */,
			);
			defaultConfigurationIsVisible = 0;
			defaultConfigurationName = Release;
		};
		551160AC2452088200994186 /* Build configuration list for PBXNativeTarget "MyMemoAppUITests" */ = {
			isa = XCConfigurationList;
			buildConfigurations = (
				551160AD2452088200994186 /* Debug */,
				551160AE2452088200994186 /* Release */,
			);
			defaultConfigurationIsVisible = 0;
			defaultConfigurationName = Release;
		};
/* End XCConfigurationList section */
	};
	rootObject = 551160762452087F00994186 /* Project object */;
}
